
Microsoft Visual Studio Solution File, Format Version 12.00
# Visual Studio Version 17
VisualStudioVersion = 17.3.32819.101
MinimumVisualStudioVersion = 10.0.40219.1
Project("{8BC9CEB8-8B4A-11D0-8D11-00A0C91BC942}") = "Bai56", "Bai56\Bai56.vcxproj", "{2370FC18-DD0C-4933-AEE5-F6D10EF65324}"
EndProject
Global
	GlobalSection(SolutionConfigurationPlatforms) = preSolution
		Debug|x64 = Debug|x64
		Debug|x86 = Debug|x86
		Release|x64 = Release|x64
		Release|x86 = Release|x86
	EndGlobalSection
	GlobalSection(ProjectConfigurationPlatforms) = postSolution
		{2370FC18-DD0C-4933-AEE5-F6D10EF65324}.Debug|x64.ActiveCfg = Debug|x64
		{2370FC18-DD0C-4933-AEE5-F6D10EF65324}.Debug|x64.Build.0 = Debug|x64
		{2370FC18-DD0C-4933-AEE5-F6D10EF65324}.Debug|x86.ActiveCfg = Debug|Win32
		{2370FC18-DD0C-4933-AEE5-F6D10EF65324}.Debug|x86.Build.0 = Debug|Win32
		{2370FC18-DD0C-4933-AEE5-F6D10EF65324}.Release|x64.ActiveCfg = Release|x64
		{2370FC18-DD0C-4933-AEE5-F6D10EF65324}.Release|x64.Build.0 = Release|x64
		{2370FC18-DD0C-4933-AEE5-F6D10EF65324}.Release|x86.ActiveCfg = Release|Win32
		{2370FC18-DD0C-4933-AEE5-F6D10EF65324}.Release|x86.Build.0 = Release|Win32
	EndGlobalSection
	GlobalSection(SolutionProperties) = preSolution
		HideSolutionNode = FALSE
	EndGlobalSection
	GlobalSection(ExtensibilityGlobals) = postSolution
		SolutionGuid = {94D7672F-4BFA-4822-9061-666E043BA2D0}
	EndGlobalSection
EndGlobal
