
Microsoft Visual Studio Solution File, Format Version 12.00
# Visual Studio Version 17
VisualStudioVersion = 17.3.32819.101
MinimumVisualStudioVersion = 10.0.40219.1
Project("{8BC9CEB8-8B4A-11D0-8D11-00A0C91BC942}") = "Bai40", "Bai40\Bai40.vcxproj", "{CD94837C-6E12-4E15-933F-282D9A80BA5C}"
EndProject
Global
	GlobalSection(SolutionConfigurationPlatforms) = preSolution
		Debug|x64 = Debug|x64
		Debug|x86 = Debug|x86
		Release|x64 = Release|x64
		Release|x86 = Release|x86
	EndGlobalSection
	GlobalSection(ProjectConfigurationPlatforms) = postSolution
		{CD94837C-6E12-4E15-933F-282D9A80BA5C}.Debug|x64.ActiveCfg = Debug|x64
		{CD94837C-6E12-4E15-933F-282D9A80BA5C}.Debug|x64.Build.0 = Debug|x64
		{CD94837C-6E12-4E15-933F-282D9A80BA5C}.Debug|x86.ActiveCfg = Debug|Win32
		{CD94837C-6E12-4E15-933F-282D9A80BA5C}.Debug|x86.Build.0 = Debug|Win32
		{CD94837C-6E12-4E15-933F-282D9A80BA5C}.Release|x64.ActiveCfg = Release|x64
		{CD94837C-6E12-4E15-933F-282D9A80BA5C}.Release|x64.Build.0 = Release|x64
		{CD94837C-6E12-4E15-933F-282D9A80BA5C}.Release|x86.ActiveCfg = Release|Win32
		{CD94837C-6E12-4E15-933F-282D9A80BA5C}.Release|x86.Build.0 = Release|Win32
	EndGlobalSection
	GlobalSection(SolutionProperties) = preSolution
		HideSolutionNode = FALSE
	EndGlobalSection
	GlobalSection(ExtensibilityGlobals) = postSolution
		SolutionGuid = {3D68DA0E-D9C5-4DA4-9A68-B69DCCB8C889}
	EndGlobalSection
EndGlobal
