
Microsoft Visual Studio Solution File, Format Version 12.00
# Visual Studio Version 17
VisualStudioVersion = 17.3.32929.385
MinimumVisualStudioVersion = 10.0.40219.1
Project("{8BC9CEB8-8B4A-11D0-8D11-00A0C91BC942}") = "Bai92", "Bai92.vcxproj", "{F642639E-89B6-441E-88F2-6C7F4543F4A1}"
EndProject
Global
	GlobalSection(SolutionConfigurationPlatforms) = preSolution
		Debug|x64 = Debug|x64
		Debug|x86 = Debug|x86
		Release|x64 = Release|x64
		Release|x86 = Release|x86
	EndGlobalSection
	GlobalSection(ProjectConfigurationPlatforms) = postSolution
		{F642639E-89B6-441E-88F2-6C7F4543F4A1}.Debug|x64.ActiveCfg = Debug|x64
		{F642639E-89B6-441E-88F2-6C7F4543F4A1}.Debug|x64.Build.0 = Debug|x64
		{F642639E-89B6-441E-88F2-6C7F4543F4A1}.Debug|x86.ActiveCfg = Debug|Win32
		{F642639E-89B6-441E-88F2-6C7F4543F4A1}.Debug|x86.Build.0 = Debug|Win32
		{F642639E-89B6-441E-88F2-6C7F4543F4A1}.Release|x64.ActiveCfg = Release|x64
		{F642639E-89B6-441E-88F2-6C7F4543F4A1}.Release|x64.Build.0 = Release|x64
		{F642639E-89B6-441E-88F2-6C7F4543F4A1}.Release|x86.ActiveCfg = Release|Win32
		{F642639E-89B6-441E-88F2-6C7F4543F4A1}.Release|x86.Build.0 = Release|Win32
	EndGlobalSection
	GlobalSection(SolutionProperties) = preSolution
		HideSolutionNode = FALSE
	EndGlobalSection
	GlobalSection(ExtensibilityGlobals) = postSolution
		SolutionGuid = {DD102216-6575-42E5-AC5C-F6B0328FE3C5}
	EndGlobalSection
EndGlobal
